
Microsoft Visual Studio Solution File, Format Version 12.00
# Visual Studio 2013
VisualStudioVersion = 12.0.31101.0
MinimumVisualStudioVersion = 10.0.40219.1
Project("{FAE04EC0-301F-11D3-BF4B-00C04F79EFBC}") = "LFWA", "LFWA\LFWA.csproj", "{95CB7816-4219-4ED9-9116-A7BEEB53BBAB}"
EndProject
Global
	GlobalSection(SolutionConfigurationPlatforms) = preSolution
		Debug|Any CPU = Debug|Any CPU
		Release|Any CPU = Release|Any CPU
	EndGlobalSection
	GlobalSection(ProjectConfigurationPlatforms) = postSolution
		{95CB7816-4219-4ED9-9116-A7BEEB53BBAB}.Debug|Any CPU.ActiveCfg = Debug|Any CPU
		{95CB7816-4219-4ED9-9116-A7BEEB53BBAB}.Debug|Any CPU.Build.0 = Debug|Any CPU
		{95CB7816-4219-4ED9-9116-A7BEEB53BBAB}.Release|Any CPU.ActiveCfg = Release|Any CPU
		{95CB7816-4219-4ED9-9116-A7BEEB53BBAB}.Release|Any CPU.Build.0 = Release|Any CPU
	EndGlobalSection
	GlobalSection(SolutionProperties) = preSolution
		HideSolutionNode = FALSE
	EndGlobalSection
EndGlobal
